
Microsoft Visual Studio Solution File, Format Version 12.00
# Visual Studio Version 17
VisualStudioVersion = 17.8.34511.84
MinimumVisualStudioVersion = 10.0.40219.1
Project("{888888A0-9F3D-457C-B088-3A5042F75D52}") = "assessment_2", "assessment_2\assessment_2.pyproj", "{C138E73D-12FB-4884-9C6C-14A0FCB223C2}"
EndProject
Global
	GlobalSection(SolutionConfigurationPlatforms) = preSolution
		Debug|Any CPU = Debug|Any CPU
		Release|Any CPU = Release|Any CPU
	EndGlobalSection
	GlobalSection(ProjectConfigurationPlatforms) = postSolution
		{C138E73D-12FB-4884-9C6C-14A0FCB223C2}.Debug|Any CPU.ActiveCfg = Debug|Any CPU
		{C138E73D-12FB-4884-9C6C-14A0FCB223C2}.Release|Any CPU.ActiveCfg = Release|Any CPU
	EndGlobalSection
	GlobalSection(SolutionProperties) = preSolution
		HideSolutionNode = FALSE
	EndGlobalSection
	GlobalSection(ExtensibilityGlobals) = postSolution
		SolutionGuid = {30E37894-941F-4461-97E8-06338A6BC8DC}
	EndGlobalSection
EndGlobal
